{
  "originHash" : "1518a12b78d70de4311a6721b73dbfa4a9b45c68ec3c605a66cd27c6bbae9eef",
  "pins" : [
    {
      "identity" : "automerge-swift",
      "kind" : "remoteSourceControl",
      "location" : "https://github.com/automerge/automerge-swift",
      "state" : {
        "revision" : "aa45d17ac92cef2b8ded63b47e65a28dc85e3418",
        "version" : "0.7.2"
      }
    },
    {
      "identity" : "sparkle",
      "kind" : "remoteSourceControl",
      "location" : "https://github.com/sparkle-project/Sparkle",
      "state" : {
        "revision" : "d46d456107feacc80711b21847b82b07bd9fb46e",
        "version" : "2.9.3"
      }
    }
  ],
  "version" : 3
}
