<?xml version="1.0" encoding="UTF-8"?>
<Scheme
   LastUpgradeVersion = "1010"
   version = "1.3">
   <BuildAction
      parallelizeBuildables = "YES"
      buildImplicitDependencies = "YES">
      <BuildActionEntries>
         <BuildActionEntry
            buildForTesting = "YES"
            buildForRunning = "YES"
            buildForProfiling = "YES"
            buildForArchiving = "YES"
            buildForAnalyzing = "YES">
            <BuildableReference
               BuildableIdentifier = "primary"
               BlueprintIdentifier = "3D953430EFB5D6BC738A928F"
               BuildableName = "Automerge.framework"
               BlueprintName = "Automerge"
               ReferencedContainer = "container:Tuist/.build/tuist-derived/Projects/Automerge/Automerge.xcodeproj">
            </BuildableReference>
         </BuildActionEntry>
         <BuildActionEntry
            buildForTesting = "YES"
            buildForRunning = "YES"
            buildForProfiling = "YES"
            buildForArchiving = "YES"
            buildForAnalyzing = "YES">
            <BuildableReference
               BuildableIdentifier = "primary"
               BlueprintIdentifier = "1BF997294A12C95E4C1ED230"
               BuildableName = "AutomergeUniffi.framework"
               BlueprintName = "AutomergeUniffi"
               ReferencedContainer = "container:Tuist/.build/tuist-derived/Projects/Automerge/Automerge.xcodeproj">
            </BuildableReference>
         </BuildActionEntry>
         <BuildActionEntry
            buildForTesting = "YES"
            buildForRunning = "YES"
            buildForProfiling = "YES"
            buildForArchiving = "YES"
            buildForAnalyzing = "YES">
            <BuildableReference
               BuildableIdentifier = "primary"
               BlueprintIdentifier = "5C4A23D906471EA1EB7EE064"
               BuildableName = "AutomergeUtilities.framework"
               BlueprintName = "AutomergeUtilities"
               ReferencedContainer = "container:Tuist/.build/tuist-derived/Projects/Automerge/Automerge.xcodeproj">
            </BuildableReference>
         </BuildActionEntry>
         <BuildActionEntry
            buildForTesting = "YES"
            buildForRunning = "YES"
            buildForProfiling = "YES"
            buildForArchiving = "YES"
            buildForAnalyzing = "YES">
            <BuildableReference
               BuildableIdentifier = "primary"
               BlueprintIdentifier = "F45620C80428825F40C057B7"
               BuildableName = "StickiesApplication.framework"
               BlueprintName = "StickiesApplication"
               ReferencedContainer = "container:StickiesImproved.xcodeproj">
            </BuildableReference>
         </BuildActionEntry>
         <BuildActionEntry
            buildForTesting = "YES"
            buildForRunning = "YES"
            buildForProfiling = "YES"
            buildForArchiving = "YES"
            buildForAnalyzing = "YES">
            <BuildableReference
               BuildableIdentifier = "primary"
               BlueprintIdentifier = "939C66B6E0761F66FC6D4C7B"
               BuildableName = "StickiesApplicationTests.xctest"
               BlueprintName = "StickiesApplicationTests"
               ReferencedContainer = "container:StickiesImproved.xcodeproj">
            </BuildableReference>
         </BuildActionEntry>
         <BuildActionEntry
            buildForTesting = "YES"
            buildForRunning = "YES"
            buildForProfiling = "YES"
            buildForArchiving = "YES"
            buildForAnalyzing = "YES">
            <BuildableReference
               BuildableIdentifier = "primary"
               BlueprintIdentifier = "2615B067348380C398C20B93"
               BuildableName = "StickiesCRDT.framework"
               BlueprintName = "StickiesCRDT"
               ReferencedContainer = "container:StickiesImproved.xcodeproj">
            </BuildableReference>
         </BuildActionEntry>
         <BuildActionEntry
            buildForTesting = "YES"
            buildForRunning = "YES"
            buildForProfiling = "YES"
            buildForArchiving = "YES"
            buildForAnalyzing = "YES">
            <BuildableReference
               BuildableIdentifier = "primary"
               BlueprintIdentifier = "5668076CB48B4690DCA2857F"
               BuildableName = "StickiesCRDTTests.xctest"
               BlueprintName = "StickiesCRDTTests"
               ReferencedContainer = "container:StickiesImproved.xcodeproj">
            </BuildableReference>
         </BuildActionEntry>
         <BuildActionEntry
            buildForTesting = "YES"
            buildForRunning = "YES"
            buildForProfiling = "YES"
            buildForArchiving = "YES"
            buildForAnalyzing = "YES">
            <BuildableReference
               BuildableIdentifier = "primary"
               BlueprintIdentifier = "DF1B4E9B511CD1AD6C5E828E"
               BuildableName = "StickiesDesignSystem.framework"
               BlueprintName = "StickiesDesignSystem"
               ReferencedContainer = "container:StickiesImproved.xcodeproj">
            </BuildableReference>
         </BuildActionEntry>
         <BuildActionEntry
            buildForTesting = "YES"
            buildForRunning = "YES"
            buildForProfiling = "YES"
            buildForArchiving = "YES"
            buildForAnalyzing = "YES">
            <BuildableReference
               BuildableIdentifier = "primary"
               BlueprintIdentifier = "1D7207DA875EC8F29DE8E134"
               BuildableName = "StickiesDomain.framework"
               BlueprintName = "StickiesDomain"
               ReferencedContainer = "container:StickiesImproved.xcodeproj">
            </BuildableReference>
         </BuildActionEntry>
         <BuildActionEntry
            buildForTesting = "YES"
            buildForRunning = "YES"
            buildForProfiling = "YES"
            buildForArchiving = "YES"
            buildForAnalyzing = "YES">
            <BuildableReference
               BuildableIdentifier = "primary"
               BlueprintIdentifier = "AF8A35CC228FF347D356B824"
               BuildableName = "StickiesDomainTests.xctest"
               BlueprintName = "StickiesDomainTests"
               ReferencedContainer = "container:StickiesImproved.xcodeproj">
            </BuildableReference>
         </BuildActionEntry>
         <BuildActionEntry
            buildForTesting = "YES"
            buildForRunning = "YES"
            buildForProfiling = "YES"
            buildForArchiving = "YES"
            buildForAnalyzing = "YES">
            <BuildableReference
               BuildableIdentifier = "primary"
               BlueprintIdentifier = "3A801AB05E1A69C42D3D2CE7"
               BuildableName = "StickiesFeatures.framework"
               BlueprintName = "StickiesFeatures"
               ReferencedContainer = "container:StickiesImproved.xcodeproj">
            </BuildableReference>
         </BuildActionEntry>
         <BuildActionEntry
            buildForTesting = "YES"
            buildForRunning = "YES"
            buildForProfiling = "YES"
            buildForArchiving = "YES"
            buildForAnalyzing = "YES">
            <BuildableReference
               BuildableIdentifier = "primary"
               BlueprintIdentifier = "466E1D5E66AAD47A36CCEFE5"
               BuildableName = "StickiesImproved.app"
               BlueprintName = "StickiesImproved"
               ReferencedContainer = "container:StickiesImproved.xcodeproj">
            </BuildableReference>
         </BuildActionEntry>
         <BuildActionEntry
            buildForTesting = "YES"
            buildForRunning = "YES"
            buildForProfiling = "YES"
            buildForArchiving = "YES"
            buildForAnalyzing = "YES">
            <BuildableReference
               BuildableIdentifier = "primary"
               BlueprintIdentifier = "88A6DF0C6248A233DD6D1463"
               BuildableName = "StickiesPersistence.framework"
               BlueprintName = "StickiesPersistence"
               ReferencedContainer = "container:StickiesImproved.xcodeproj">
            </BuildableReference>
         </BuildActionEntry>
         <BuildActionEntry
            buildForTesting = "YES"
            buildForRunning = "YES"
            buildForProfiling = "YES"
            buildForArchiving = "YES"
            buildForAnalyzing = "YES">
            <BuildableReference
               BuildableIdentifier = "primary"
               BlueprintIdentifier = "EF42FB4CC436E91CC1F0FB91"
               BuildableName = "StickiesPersistenceTests.xctest"
               BlueprintName = "StickiesPersistenceTests"
               ReferencedContainer = "container:StickiesImproved.xcodeproj">
            </BuildableReference>
         </BuildActionEntry>
         <BuildActionEntry
            buildForTesting = "YES"
            buildForRunning = "YES"
            buildForProfiling = "YES"
            buildForArchiving = "YES"
            buildForAnalyzing = "YES">
            <BuildableReference
               BuildableIdentifier = "primary"
               BlueprintIdentifier = "34E0922B1F92B887FCBA0170"
               BuildableName = "StickiesTestSupport.framework"
               BlueprintName = "StickiesTestSupport"
               ReferencedContainer = "container:StickiesImproved.xcodeproj">
            </BuildableReference>
         </BuildActionEntry>
      </BuildActionEntries>
   </BuildAction>
   <TestAction
      buildConfiguration = "Debug"
      selectedDebuggerIdentifier = "Xcode.DebuggerFoundation.Debugger.LLDB"
      selectedLauncherIdentifier = "Xcode.DebuggerFoundation.Launcher.LLDB"
      shouldUseLaunchSchemeArgsEnv = "YES">
      <Testables>
         <TestableReference
            skipped = "NO"
            parallelizable = "NO">
            <BuildableReference
               BuildableIdentifier = "primary"
               BlueprintIdentifier = "939C66B6E0761F66FC6D4C7B"
               BuildableName = "StickiesApplicationTests.xctest"
               BlueprintName = "StickiesApplicationTests"
               ReferencedContainer = "container:StickiesImproved.xcodeproj">
            </BuildableReference>
         </TestableReference>
         <TestableReference
            skipped = "NO"
            parallelizable = "NO">
            <BuildableReference
               BuildableIdentifier = "primary"
               BlueprintIdentifier = "5668076CB48B4690DCA2857F"
               BuildableName = "StickiesCRDTTests.xctest"
               BlueprintName = "StickiesCRDTTests"
               ReferencedContainer = "container:StickiesImproved.xcodeproj">
            </BuildableReference>
         </TestableReference>
         <TestableReference
            skipped = "NO"
            parallelizable = "NO">
            <BuildableReference
               BuildableIdentifier = "primary"
               BlueprintIdentifier = "AF8A35CC228FF347D356B824"
               BuildableName = "StickiesDomainTests.xctest"
               BlueprintName = "StickiesDomainTests"
               ReferencedContainer = "container:StickiesImproved.xcodeproj">
            </BuildableReference>
         </TestableReference>
         <TestableReference
            skipped = "NO"
            parallelizable = "NO">
            <BuildableReference
               BuildableIdentifier = "primary"
               BlueprintIdentifier = "EF42FB4CC436E91CC1F0FB91"
               BuildableName = "StickiesPersistenceTests.xctest"
               BlueprintName = "StickiesPersistenceTests"
               ReferencedContainer = "container:StickiesImproved.xcodeproj">
            </BuildableReference>
         </TestableReference>
      </Testables>
   </TestAction>
   <LaunchAction
      buildConfiguration = "Debug"
      selectedDebuggerIdentifier = "Xcode.DebuggerFoundation.Debugger.LLDB"
      selectedLauncherIdentifier = "Xcode.DebuggerFoundation.Launcher.LLDB"
      launchStyle = "0"
      useCustomWorkingDirectory = "NO"
      ignoresPersistentStateOnLaunch = "NO"
      debugDocumentVersioning = "YES"
      debugServiceExtension = "internal"
      allowLocationSimulation = "YES">
      <MacroExpansion>
         <BuildableReference
            BuildableIdentifier = "primary"
            BlueprintIdentifier = "3D953430EFB5D6BC738A928F"
            BuildableName = "Automerge.framework"
            BlueprintName = "Automerge"
            ReferencedContainer = "container:Tuist/.build/tuist-derived/Projects/Automerge/Automerge.xcodeproj">
         </BuildableReference>
      </MacroExpansion>
   </LaunchAction>
   <ProfileAction
      buildConfiguration = "Release"
      shouldUseLaunchSchemeArgsEnv = "YES"
      savedToolIdentifier = ""
      useCustomWorkingDirectory = "NO"
      debugDocumentVersioning = "YES">
      <MacroExpansion>
         <BuildableReference
            BuildableIdentifier = "primary"
            BlueprintIdentifier = "3D953430EFB5D6BC738A928F"
            BuildableName = "Automerge.framework"
            BlueprintName = "Automerge"
            ReferencedContainer = "container:Tuist/.build/tuist-derived/Projects/Automerge/Automerge.xcodeproj">
         </BuildableReference>
      </MacroExpansion>
   </ProfileAction>
   <AnalyzeAction
      buildConfiguration = "Debug">
   </AnalyzeAction>
   <ArchiveAction
      buildConfiguration = "Release"
      revealArchiveInOrganizer = "YES">
   </ArchiveAction>
</Scheme>
